
Microsoft Visual Studio Solution File, Format Version 12.00
# Visual Studio Version 16
VisualStudioVersion = 16.0.31702.278
MinimumVisualStudioVersion = 10.0.40219.1
Project("{FAE04EC0-301F-11D3-BF4B-00C04F79EFBC}") = "lab_1", "lab_1\lab_1.csproj", "{65FF6C0B-E4E6-46A1-A9C5-5C77926467F9}"
EndProject
Global
	GlobalSection(SolutionConfigurationPlatforms) = preSolution
		Debug|Any CPU = Debug|Any CPU
		Release|Any CPU = Release|Any CPU
	EndGlobalSection
	GlobalSection(ProjectConfigurationPlatforms) = postSolution
		{65FF6C0B-E4E6-46A1-A9C5-5C77926467F9}.Debug|Any CPU.ActiveCfg = Debug|Any CPU
		{65FF6C0B-E4E6-46A1-A9C5-5C77926467F9}.Debug|Any CPU.Build.0 = Debug|Any CPU
		{65FF6C0B-E4E6-46A1-A9C5-5C77926467F9}.Release|Any CPU.ActiveCfg = Release|Any CPU
		{65FF6C0B-E4E6-46A1-A9C5-5C77926467F9}.Release|Any CPU.Build.0 = Release|Any CPU
	EndGlobalSection
	GlobalSection(SolutionProperties) = preSolution
		HideSolutionNode = FALSE
	EndGlobalSection
	GlobalSection(ExtensibilityGlobals) = postSolution
		SolutionGuid = {A3F67E7B-34C2-4C5E-B7B2-1B84FA4A87D1}
	EndGlobalSection
EndGlobal
