
Microsoft Visual Studio Solution File, Format Version 12.00
# Visual Studio Version 16
VisualStudioVersion = 16.0.31729.503
MinimumVisualStudioVersion = 10.0.40219.1
Project("{FAE04EC0-301F-11D3-BF4B-00C04F79EFBC}") = "lab_3", "lab_3\lab_3.csproj", "{DB74AC16-CD8A-4472-A2BE-3A04F92E603E}"
EndProject
Global
	GlobalSection(SolutionConfigurationPlatforms) = preSolution
		Debug|Any CPU = Debug|Any CPU
		Release|Any CPU = Release|Any CPU
	EndGlobalSection
	GlobalSection(ProjectConfigurationPlatforms) = postSolution
		{DB74AC16-CD8A-4472-A2BE-3A04F92E603E}.Debug|Any CPU.ActiveCfg = Debug|Any CPU
		{DB74AC16-CD8A-4472-A2BE-3A04F92E603E}.Debug|Any CPU.Build.0 = Debug|Any CPU
		{DB74AC16-CD8A-4472-A2BE-3A04F92E603E}.Release|Any CPU.ActiveCfg = Release|Any CPU
		{DB74AC16-CD8A-4472-A2BE-3A04F92E603E}.Release|Any CPU.Build.0 = Release|Any CPU
	EndGlobalSection
	GlobalSection(SolutionProperties) = preSolution
		HideSolutionNode = FALSE
	EndGlobalSection
	GlobalSection(ExtensibilityGlobals) = postSolution
		SolutionGuid = {E3692127-9CD4-4AE2-8287-DC6D7E6614A6}
	EndGlobalSection
EndGlobal
