
Microsoft Visual Studio Solution File, Format Version 12.00
# Visual Studio Version 16
VisualStudioVersion = 16.0.31702.278
MinimumVisualStudioVersion = 10.0.40219.1
Project("{8BC9CEB8-8B4A-11D0-8D11-00A0C91BC942}") = "1__hello_world", "1__hello_world\1__hello_world.vcxproj", "{AE348430-1649-4BBA-8DE1-133354EA7E3A}"
EndProject
Project("{8BC9CEB8-8B4A-11D0-8D11-00A0C91BC942}") = "2__hello-triangle", "2__hello-triangle\2__hello-triangle.vcxproj", "{4F0501FE-BDA5-4A2B-B518-B10D8F5BA68E}"
EndProject
Project("{8BC9CEB8-8B4A-11D0-8D11-00A0C91BC942}") = "3__element_buffer_objects", "3__element_buffer_objects\3__element_buffer_objects.vcxproj", "{2A2DC60F-6818-4EA2-AE8D-5A09FD524B8C}"
EndProject
Project("{8BC9CEB8-8B4A-11D0-8D11-00A0C91BC942}") = "4__shaders", "4__shaders\4__shaders.vcxproj", "{AA74CF47-65FD-45AA-B03A-79A3EF87D989}"
EndProject
Project("{8BC9CEB8-8B4A-11D0-8D11-00A0C91BC942}") = "4_1__shader__vertices_with_colors", "4_1__shader__vertices_with_colors\4_1__shader__vertices_with_colors.vcxproj", "{3264B0B6-F265-462F-BE50-893C5423ED05}"
EndProject
Project("{8BC9CEB8-8B4A-11D0-8D11-00A0C91BC942}") = "4_2__shader_class", "4_2__shader_class\4_2__shader_class.vcxproj", "{3BC16FAC-DC90-42B7-BD86-E29205CDA71C}"
EndProject
Project("{8BC9CEB8-8B4A-11D0-8D11-00A0C91BC942}") = "5__textures", "5__textures\5__textures.vcxproj", "{7FDDC7B7-ACFF-4F1B-ACFC-4118CBF8E555}"
EndProject
Project("{8BC9CEB8-8B4A-11D0-8D11-00A0C91BC942}") = "5_1__mix_textures", "5_1__mix_textures\5_1__mix_textures.vcxproj", "{6A407F87-ABF4-4639-B7BF-1CD7E0132BE8}"
EndProject
Global
	GlobalSection(SolutionConfigurationPlatforms) = preSolution
		Debug|x64 = Debug|x64
		Debug|x86 = Debug|x86
		Release|x64 = Release|x64
		Release|x86 = Release|x86
		test_conf|x64 = test_conf|x64
		test_conf|x86 = test_conf|x86
	EndGlobalSection
	GlobalSection(ProjectConfigurationPlatforms) = postSolution
		{AE348430-1649-4BBA-8DE1-133354EA7E3A}.Debug|x64.ActiveCfg = Debug|x64
		{AE348430-1649-4BBA-8DE1-133354EA7E3A}.Debug|x64.Build.0 = Debug|x64
		{AE348430-1649-4BBA-8DE1-133354EA7E3A}.Debug|x86.ActiveCfg = Debug|Win32
		{AE348430-1649-4BBA-8DE1-133354EA7E3A}.Debug|x86.Build.0 = Debug|Win32
		{AE348430-1649-4BBA-8DE1-133354EA7E3A}.Release|x64.ActiveCfg = Release|x64
		{AE348430-1649-4BBA-8DE1-133354EA7E3A}.Release|x64.Build.0 = Release|x64
		{AE348430-1649-4BBA-8DE1-133354EA7E3A}.Release|x86.ActiveCfg = Release|Win32
		{AE348430-1649-4BBA-8DE1-133354EA7E3A}.Release|x86.Build.0 = Release|Win32
		{AE348430-1649-4BBA-8DE1-133354EA7E3A}.test_conf|x64.ActiveCfg = test_conf|x64
		{AE348430-1649-4BBA-8DE1-133354EA7E3A}.test_conf|x86.ActiveCfg = test_conf|Win32
		{AE348430-1649-4BBA-8DE1-133354EA7E3A}.test_conf|x86.Build.0 = test_conf|Win32
		{4F0501FE-BDA5-4A2B-B518-B10D8F5BA68E}.Debug|x64.ActiveCfg = Debug|x64
		{4F0501FE-BDA5-4A2B-B518-B10D8F5BA68E}.Debug|x64.Build.0 = Debug|x64
		{4F0501FE-BDA5-4A2B-B518-B10D8F5BA68E}.Debug|x86.ActiveCfg = Debug|Win32
		{4F0501FE-BDA5-4A2B-B518-B10D8F5BA68E}.Debug|x86.Build.0 = Debug|Win32
		{4F0501FE-BDA5-4A2B-B518-B10D8F5BA68E}.Release|x64.ActiveCfg = Release|x64
		{4F0501FE-BDA5-4A2B-B518-B10D8F5BA68E}.Release|x64.Build.0 = Release|x64
		{4F0501FE-BDA5-4A2B-B518-B10D8F5BA68E}.Release|x86.ActiveCfg = Release|Win32
		{4F0501FE-BDA5-4A2B-B518-B10D8F5BA68E}.Release|x86.Build.0 = Release|Win32
		{4F0501FE-BDA5-4A2B-B518-B10D8F5BA68E}.test_conf|x64.ActiveCfg = test_conf|x64
		{4F0501FE-BDA5-4A2B-B518-B10D8F5BA68E}.test_conf|x64.Build.0 = test_conf|x64
		{4F0501FE-BDA5-4A2B-B518-B10D8F5BA68E}.test_conf|x86.ActiveCfg = test_conf|Win32
		{4F0501FE-BDA5-4A2B-B518-B10D8F5BA68E}.test_conf|x86.Build.0 = test_conf|Win32
		{2A2DC60F-6818-4EA2-AE8D-5A09FD524B8C}.Debug|x64.ActiveCfg = Debug|x64
		{2A2DC60F-6818-4EA2-AE8D-5A09FD524B8C}.Debug|x64.Build.0 = Debug|x64
		{2A2DC60F-6818-4EA2-AE8D-5A09FD524B8C}.Debug|x86.ActiveCfg = Debug|Win32
		{2A2DC60F-6818-4EA2-AE8D-5A09FD524B8C}.Debug|x86.Build.0 = Debug|Win32
		{2A2DC60F-6818-4EA2-AE8D-5A09FD524B8C}.Release|x64.ActiveCfg = Release|x64
		{2A2DC60F-6818-4EA2-AE8D-5A09FD524B8C}.Release|x64.Build.0 = Release|x64
		{2A2DC60F-6818-4EA2-AE8D-5A09FD524B8C}.Release|x86.ActiveCfg = Release|Win32
		{2A2DC60F-6818-4EA2-AE8D-5A09FD524B8C}.Release|x86.Build.0 = Release|Win32
		{2A2DC60F-6818-4EA2-AE8D-5A09FD524B8C}.test_conf|x64.ActiveCfg = test_conf|x64
		{2A2DC60F-6818-4EA2-AE8D-5A09FD524B8C}.test_conf|x64.Build.0 = test_conf|x64
		{2A2DC60F-6818-4EA2-AE8D-5A09FD524B8C}.test_conf|x86.ActiveCfg = test_conf|Win32
		{2A2DC60F-6818-4EA2-AE8D-5A09FD524B8C}.test_conf|x86.Build.0 = test_conf|Win32
		{AA74CF47-65FD-45AA-B03A-79A3EF87D989}.Debug|x64.ActiveCfg = Debug|x64
		{AA74CF47-65FD-45AA-B03A-79A3EF87D989}.Debug|x64.Build.0 = Debug|x64
		{AA74CF47-65FD-45AA-B03A-79A3EF87D989}.Debug|x86.ActiveCfg = Debug|Win32
		{AA74CF47-65FD-45AA-B03A-79A3EF87D989}.Debug|x86.Build.0 = Debug|Win32
		{AA74CF47-65FD-45AA-B03A-79A3EF87D989}.Release|x64.ActiveCfg = Release|x64
		{AA74CF47-65FD-45AA-B03A-79A3EF87D989}.Release|x64.Build.0 = Release|x64
		{AA74CF47-65FD-45AA-B03A-79A3EF87D989}.Release|x86.ActiveCfg = Release|Win32
		{AA74CF47-65FD-45AA-B03A-79A3EF87D989}.Release|x86.Build.0 = Release|Win32
		{AA74CF47-65FD-45AA-B03A-79A3EF87D989}.test_conf|x64.ActiveCfg = test_conf|x64
		{AA74CF47-65FD-45AA-B03A-79A3EF87D989}.test_conf|x64.Build.0 = test_conf|x64
		{AA74CF47-65FD-45AA-B03A-79A3EF87D989}.test_conf|x86.ActiveCfg = test_conf|Win32
		{AA74CF47-65FD-45AA-B03A-79A3EF87D989}.test_conf|x86.Build.0 = test_conf|Win32
		{3264B0B6-F265-462F-BE50-893C5423ED05}.Debug|x64.ActiveCfg = Debug|x64
		{3264B0B6-F265-462F-BE50-893C5423ED05}.Debug|x64.Build.0 = Debug|x64
		{3264B0B6-F265-462F-BE50-893C5423ED05}.Debug|x86.ActiveCfg = Debug|Win32
		{3264B0B6-F265-462F-BE50-893C5423ED05}.Debug|x86.Build.0 = Debug|Win32
		{3264B0B6-F265-462F-BE50-893C5423ED05}.Release|x64.ActiveCfg = Release|x64
		{3264B0B6-F265-462F-BE50-893C5423ED05}.Release|x64.Build.0 = Release|x64
		{3264B0B6-F265-462F-BE50-893C5423ED05}.Release|x86.ActiveCfg = Release|Win32
		{3264B0B6-F265-462F-BE50-893C5423ED05}.Release|x86.Build.0 = Release|Win32
		{3264B0B6-F265-462F-BE50-893C5423ED05}.test_conf|x64.ActiveCfg = test_conf|x64
		{3264B0B6-F265-462F-BE50-893C5423ED05}.test_conf|x64.Build.0 = test_conf|x64
		{3264B0B6-F265-462F-BE50-893C5423ED05}.test_conf|x86.ActiveCfg = test_conf|Win32
		{3264B0B6-F265-462F-BE50-893C5423ED05}.test_conf|x86.Build.0 = test_conf|Win32
		{3BC16FAC-DC90-42B7-BD86-E29205CDA71C}.Debug|x64.ActiveCfg = Debug|x64
		{3BC16FAC-DC90-42B7-BD86-E29205CDA71C}.Debug|x64.Build.0 = Debug|x64
		{3BC16FAC-DC90-42B7-BD86-E29205CDA71C}.Debug|x86.ActiveCfg = Debug|Win32
		{3BC16FAC-DC90-42B7-BD86-E29205CDA71C}.Debug|x86.Build.0 = Debug|Win32
		{3BC16FAC-DC90-42B7-BD86-E29205CDA71C}.Release|x64.ActiveCfg = Release|x64
		{3BC16FAC-DC90-42B7-BD86-E29205CDA71C}.Release|x64.Build.0 = Release|x64
		{3BC16FAC-DC90-42B7-BD86-E29205CDA71C}.Release|x86.ActiveCfg = Release|Win32
		{3BC16FAC-DC90-42B7-BD86-E29205CDA71C}.Release|x86.Build.0 = Release|Win32
		{3BC16FAC-DC90-42B7-BD86-E29205CDA71C}.test_conf|x64.ActiveCfg = test_conf|x64
		{3BC16FAC-DC90-42B7-BD86-E29205CDA71C}.test_conf|x64.Build.0 = test_conf|x64
		{3BC16FAC-DC90-42B7-BD86-E29205CDA71C}.test_conf|x86.ActiveCfg = test_conf|Win32
		{3BC16FAC-DC90-42B7-BD86-E29205CDA71C}.test_conf|x86.Build.0 = test_conf|Win32
		{7FDDC7B7-ACFF-4F1B-ACFC-4118CBF8E555}.Debug|x64.ActiveCfg = Debug|x64
		{7FDDC7B7-ACFF-4F1B-ACFC-4118CBF8E555}.Debug|x64.Build.0 = Debug|x64
		{7FDDC7B7-ACFF-4F1B-ACFC-4118CBF8E555}.Debug|x86.ActiveCfg = Debug|Win32
		{7FDDC7B7-ACFF-4F1B-ACFC-4118CBF8E555}.Debug|x86.Build.0 = Debug|Win32
		{7FDDC7B7-ACFF-4F1B-ACFC-4118CBF8E555}.Release|x64.ActiveCfg = Release|x64
		{7FDDC7B7-ACFF-4F1B-ACFC-4118CBF8E555}.Release|x64.Build.0 = Release|x64
		{7FDDC7B7-ACFF-4F1B-ACFC-4118CBF8E555}.Release|x86.ActiveCfg = Release|Win32
		{7FDDC7B7-ACFF-4F1B-ACFC-4118CBF8E555}.Release|x86.Build.0 = Release|Win32
		{7FDDC7B7-ACFF-4F1B-ACFC-4118CBF8E555}.test_conf|x64.ActiveCfg = test_conf|x64
		{7FDDC7B7-ACFF-4F1B-ACFC-4118CBF8E555}.test_conf|x64.Build.0 = test_conf|x64
		{7FDDC7B7-ACFF-4F1B-ACFC-4118CBF8E555}.test_conf|x86.ActiveCfg = test_conf|Win32
		{7FDDC7B7-ACFF-4F1B-ACFC-4118CBF8E555}.test_conf|x86.Build.0 = test_conf|Win32
		{6A407F87-ABF4-4639-B7BF-1CD7E0132BE8}.Debug|x64.ActiveCfg = Debug|x64
		{6A407F87-ABF4-4639-B7BF-1CD7E0132BE8}.Debug|x64.Build.0 = Debug|x64
		{6A407F87-ABF4-4639-B7BF-1CD7E0132BE8}.Debug|x86.ActiveCfg = Debug|Win32
		{6A407F87-ABF4-4639-B7BF-1CD7E0132BE8}.Debug|x86.Build.0 = Debug|Win32
		{6A407F87-ABF4-4639-B7BF-1CD7E0132BE8}.Release|x64.ActiveCfg = Release|x64
		{6A407F87-ABF4-4639-B7BF-1CD7E0132BE8}.Release|x64.Build.0 = Release|x64
		{6A407F87-ABF4-4639-B7BF-1CD7E0132BE8}.Release|x86.ActiveCfg = Release|Win32
		{6A407F87-ABF4-4639-B7BF-1CD7E0132BE8}.Release|x86.Build.0 = Release|Win32
		{6A407F87-ABF4-4639-B7BF-1CD7E0132BE8}.test_conf|x64.ActiveCfg = test_conf|x64
		{6A407F87-ABF4-4639-B7BF-1CD7E0132BE8}.test_conf|x64.Build.0 = test_conf|x64
		{6A407F87-ABF4-4639-B7BF-1CD7E0132BE8}.test_conf|x86.ActiveCfg = test_conf|Win32
		{6A407F87-ABF4-4639-B7BF-1CD7E0132BE8}.test_conf|x86.Build.0 = test_conf|Win32
	EndGlobalSection
	GlobalSection(SolutionProperties) = preSolution
		HideSolutionNode = FALSE
	EndGlobalSection
	GlobalSection(ExtensibilityGlobals) = postSolution
		SolutionGuid = {3B5CF80F-069F-4455-8719-BABA4D2421AC}
	EndGlobalSection
EndGlobal
